// !$*UTF8*$!
{
	archiveVersion = 1;
	classes = {
	};
	objectVersion = 46;
	objects = {

/* Begin PBXBuildFile section */
		9815B4F41E429793009073DB /* sort_spy.cpp in Sources */ = {isa = PBXBuildFile; fileRef = 9815B4F01E429793009073DB /* sort_spy.cpp */; };
		9815B5211E42E323009073DB /* ranuint.cpp in Sources */ = {isa = PBXBuildFile; fileRef = 9815B4EE1E429793009073DB /* ranuint.cpp */; };
		98E6C2BB1E43C5E00032602D /* search_spy.cpp in Sources */ = {isa = PBXBuildFile; fileRef = 98098B521E42EC4A001798DB /* search_spy.cpp */; };
/* End PBXBuildFile section */

/* Begin PBXCopyFilesBuildPhase section */
		9815B4DE1E4279ED009073DB /* CopyFiles */ = {
			isa = PBXCopyFilesBuildPhase;
			buildActionMask = 2147483647;
			dstPath = /usr/share/man/man1/;
			dstSubfolderSpec = 0;
			files = (
			);
			runOnlyForDeploymentPostprocessing = 1;
		};
		9815B5181E42E2F5009073DB /* CopyFiles */ = {
			isa = PBXCopyFilesBuildPhase;
			buildActionMask = 2147483647;
			dstPath = /usr/share/man/man1/;
			dstSubfolderSpec = 0;
			files = (
			);
			runOnlyForDeploymentPostprocessing = 1;
		};
		98E6C2B21E43C5AC0032602D /* CopyFiles */ = {
			isa = PBXCopyFilesBuildPhase;
			buildActionMask = 2147483647;
			dstPath = /usr/share/man/man1/;
			dstSubfolderSpec = 0;
			files = (
			);
			runOnlyForDeploymentPostprocessing = 1;
		};
/* End PBXCopyFilesBuildPhase section */

/* Begin PBXFileReference section */
		98098B521E42EC4A001798DB /* search_spy.cpp */ = {isa = PBXFileReference; fileEncoding = 4; lastKnownFileType = sourcecode.cpp.cpp; path = search_spy.cpp; sourceTree = "<group>"; };
		98098B571E42EDA9001798DB /* compare_spy.h */ = {isa = PBXFileReference; fileEncoding = 4; lastKnownFileType = sourcecode.c.h; path = compare_spy.h; sourceTree = "<group>"; };
		9815B4E01E4279ED009073DB /* FSU Sort_Spy */ = {isa = PBXFileReference; explicitFileType = "compiled.mach-o.executable"; includeInIndex = 0; path = "FSU Sort_Spy"; sourceTree = BUILT_PRODUCTS_DIR; };
		9815B4EB1E4296F0009073DB /* compare.h */ = {isa = PBXFileReference; fileEncoding = 4; lastKnownFileType = sourcecode.c.h; path = compare.h; sourceTree = "<group>"; };
		9815B4EC1E42971F009073DB /* gbsearch.h */ = {isa = PBXFileReference; fileEncoding = 4; lastKnownFileType = sourcecode.c.h; path = gbsearch.h; sourceTree = "<group>"; };
		9815B4ED1E429793009073DB /* hsort.cpp */ = {isa = PBXFileReference; fileEncoding = 4; lastKnownFileType = sourcecode.cpp.cpp; path = hsort.cpp; sourceTree = "<group>"; };
		9815B4EE1E429793009073DB /* ranuint.cpp */ = {isa = PBXFileReference; fileEncoding = 4; lastKnownFileType = sourcecode.cpp.cpp; path = ranuint.cpp; sourceTree = "<group>"; };
		9815B4F01E429793009073DB /* sort_spy.cpp */ = {isa = PBXFileReference; fileEncoding = 4; lastKnownFileType = sourcecode.cpp.cpp; path = sort_spy.cpp; sourceTree = "<group>"; };
		9815B4F51E4297D2009073DB /* deque.h */ = {isa = PBXFileReference; lastKnownFileType = sourcecode.c.h; path = deque.h; sourceTree = "<group>"; };
		9815B4F61E4297D2009073DB /* vector.h */ = {isa = PBXFileReference; lastKnownFileType = sourcecode.c.h; path = vector.h; sourceTree = "<group>"; };
		9815B4F71E4297E8009073DB /* deque.cpp */ = {isa = PBXFileReference; fileEncoding = 4; lastKnownFileType = sourcecode.cpp.cpp; path = deque.cpp; sourceTree = "<group>"; };
		9815B4F81E4297E8009073DB /* vector.cpp */ = {isa = PBXFileReference; fileEncoding = 4; lastKnownFileType = sourcecode.cpp.cpp; path = vector.cpp; sourceTree = "<group>"; };
		9815B5071E429984009073DB /* list.cpp */ = {isa = PBXFileReference; lastKnownFileType = sourcecode.cpp.cpp; path = list.cpp; sourceTree = "<group>"; };
		9815B5081E429984009073DB /* list.h */ = {isa = PBXFileReference; lastKnownFileType = sourcecode.c.h; path = list.h; sourceTree = "<group>"; };
		9815B5091E4299D2009073DB /* genalg.h */ = {isa = PBXFileReference; lastKnownFileType = sourcecode.c.h; path = genalg.h; sourceTree = "<group>"; };
		9815B50A1E4299ED009073DB /* gheap.h */ = {isa = PBXFileReference; lastKnownFileType = sourcecode.c.h; path = gheap.h; sourceTree = "<group>"; };
		9815B50B1E4299F4009073DB /* gsort.h */ = {isa = PBXFileReference; lastKnownFileType = sourcecode.c.h; path = gsort.h; sourceTree = "<group>"; };
		9815B50C1E429A5E009073DB /* insert.h */ = {isa = PBXFileReference; lastKnownFileType = sourcecode.c.h; path = insert.h; sourceTree = "<group>"; };
		9815B50D1E429AF9009073DB /* list_macro.cpp */ = {isa = PBXFileReference; lastKnownFileType = sourcecode.cpp.cpp; path = list_macro.cpp; sourceTree = "<group>"; };
		9815B50E1E429AF9009073DB /* list_sort.cpp */ = {isa = PBXFileReference; lastKnownFileType = sourcecode.cpp.cpp; path = list_sort.cpp; sourceTree = "<group>"; };
		9815B50F1E429DEA009073DB /* rbsearch.h */ = {isa = PBXFileReference; lastKnownFileType = sourcecode.c.h; path = rbsearch.h; sourceTree = "<group>"; };
		9815B5101E42A981009073DB /* fgss.cpp */ = {isa = PBXFileReference; lastKnownFileType = sourcecode.cpp.cpp; path = fgss.cpp; sourceTree = "<group>"; };
		9815B5131E42E27C009073DB /* xran.cpp */ = {isa = PBXFileReference; fileEncoding = 4; lastKnownFileType = sourcecode.cpp.cpp; path = xran.cpp; sourceTree = "<group>"; };
		9815B5141E42E27C009073DB /* xran.h */ = {isa = PBXFileReference; fileEncoding = 4; lastKnownFileType = sourcecode.c.h; path = xran.h; sourceTree = "<group>"; };
		9815B51A1E42E2F5009073DB /* RanUInt */ = {isa = PBXFileReference; explicitFileType = "compiled.mach-o.executable"; includeInIndex = 0; path = RanUInt; sourceTree = BUILT_PRODUCTS_DIR; };
		98E6C2AF1E43A9A60032602D /* gssearch.h */ = {isa = PBXFileReference; lastKnownFileType = sourcecode.c.h; path = gssearch.h; sourceTree = "<group>"; };
		98E6C2B41E43C5AC0032602D /* FSU Search_Spy */ = {isa = PBXFileReference; explicitFileType = "compiled.mach-o.executable"; includeInIndex = 0; path = "FSU Search_Spy"; sourceTree = BUILT_PRODUCTS_DIR; };
		98E6C2BC1E43C64A0032602D /* pair.h */ = {isa = PBXFileReference; fileEncoding = 4; lastKnownFileType = sourcecode.c.h; path = pair.h; sourceTree = "<group>"; };
/* End PBXFileReference section */

/* Begin PBXFrameworksBuildPhase section */
		9815B4DD1E4279ED009073DB /* Frameworks */ = {
			isa = PBXFrameworksBuildPhase;
			buildActionMask = 2147483647;
			files = (
			);
			runOnlyForDeploymentPostprocessing = 0;
		};
		9815B5171E42E2F5009073DB /* Frameworks */ = {
			isa = PBXFrameworksBuildPhase;
			buildActionMask = 2147483647;
			files = (
			);
			runOnlyForDeploymentPostprocessing = 0;
		};
		98E6C2B11E43C5AC0032602D /* Frameworks */ = {
			isa = PBXFrameworksBuildPhase;
			buildActionMask = 2147483647;
			files = (
			);
			runOnlyForDeploymentPostprocessing = 0;
		};
/* End PBXFrameworksBuildPhase section */

/* Begin PBXGroup section */
		98098B561E42EC85001798DB /* Sort Spy */ = {
			isa = PBXGroup;
			children = (
				98098B571E42EDA9001798DB /* compare_spy.h */,
				9815B4F01E429793009073DB /* sort_spy.cpp */,
			);
			name = "Sort Spy";
			sourceTree = "<group>";
		};
		9815B4D71E4279ED009073DB = {
			isa = PBXGroup;
			children = (
				98E6C2AE1E43A9770032602D /* Search Spy */,
				98098B561E42EC85001798DB /* Sort Spy */,
				9815B4EA1E427B18009073DB /* Support FIles */,
				9815B4E11E4279ED009073DB /* Products */,
			);
			sourceTree = "<group>";
		};
		9815B4E11E4279ED009073DB /* Products */ = {
			isa = PBXGroup;
			children = (
				9815B4E01E4279ED009073DB /* FSU Sort_Spy */,
				9815B51A1E42E2F5009073DB /* RanUInt */,
				98E6C2B41E43C5AC0032602D /* FSU Search_Spy */,
			);
			name = Products;
			sourceTree = "<group>";
		};
		9815B4EA1E427B18009073DB /* Support FIles */ = {
			isa = PBXGroup;
			children = (
				98E6C2BC1E43C64A0032602D /* pair.h */,
				9815B5131E42E27C009073DB /* xran.cpp */,
				9815B5141E42E27C009073DB /* xran.h */,
				9815B5101E42A981009073DB /* fgss.cpp */,
				9815B50D1E429AF9009073DB /* list_macro.cpp */,
				9815B50E1E429AF9009073DB /* list_sort.cpp */,
				9815B50C1E429A5E009073DB /* insert.h */,
				9815B50B1E4299F4009073DB /* gsort.h */,
				9815B50A1E4299ED009073DB /* gheap.h */,
				9815B5091E4299D2009073DB /* genalg.h */,
				9815B5071E429984009073DB /* list.cpp */,
				9815B5081E429984009073DB /* list.h */,
				9815B4F71E4297E8009073DB /* deque.cpp */,
				9815B4F81E4297E8009073DB /* vector.cpp */,
				9815B4F51E4297D2009073DB /* deque.h */,
				9815B4F61E4297D2009073DB /* vector.h */,
				9815B4ED1E429793009073DB /* hsort.cpp */,
				9815B4EE1E429793009073DB /* ranuint.cpp */,
				9815B4EC1E42971F009073DB /* gbsearch.h */,
				9815B50F1E429DEA009073DB /* rbsearch.h */,
				9815B4EB1E4296F0009073DB /* compare.h */,
			);
			name = "Support FIles";
			sourceTree = "<group>";
		};
		98E6C2AE1E43A9770032602D /* Search Spy */ = {
			isa = PBXGroup;
			children = (
				98098B521E42EC4A001798DB /* search_spy.cpp */,
				98E6C2AF1E43A9A60032602D /* gssearch.h */,
			);
			name = "Search Spy";
			sourceTree = "<group>";
		};
/* End PBXGroup section */

/* Begin PBXNativeTarget section */
		9815B4DF1E4279ED009073DB /* FSU Sort_Spy */ = {
			isa = PBXNativeTarget;
			buildConfigurationList = 9815B4E71E4279ED009073DB /* Build configuration list for PBXNativeTarget "FSU Sort_Spy" */;
			buildPhases = (
				9815B4DC1E4279ED009073DB /* Sources */,
				9815B4DD1E4279ED009073DB /* Frameworks */,
				9815B4DE1E4279ED009073DB /* CopyFiles */,
			);
			buildRules = (
			);
			dependencies = (
			);
			name = "FSU Sort_Spy";
			productName = "FSU Spy";
			productReference = 9815B4E01E4279ED009073DB /* FSU Sort_Spy */;
			productType = "com.apple.product-type.tool";
		};
		9815B5191E42E2F5009073DB /* RanUInt */ = {
			isa = PBXNativeTarget;
			buildConfigurationList = 9815B51E1E42E2F6009073DB /* Build configuration list for PBXNativeTarget "RanUInt" */;
			buildPhases = (
				9815B5161E42E2F5009073DB /* Sources */,
				9815B5171E42E2F5009073DB /* Frameworks */,
				9815B5181E42E2F5009073DB /* CopyFiles */,
			);
			buildRules = (
			);
			dependencies = (
			);
			name = RanUInt;
			productName = RanUInt;
			productReference = 9815B51A1E42E2F5009073DB /* RanUInt */;
			productType = "com.apple.product-type.tool";
		};
		98E6C2B31E43C5AC0032602D /* FSU Search_Spy */ = {
			isa = PBXNativeTarget;
			buildConfigurationList = 98E6C2B81E43C5AC0032602D /* Build configuration list for PBXNativeTarget "FSU Search_Spy" */;
			buildPhases = (
				98E6C2B01E43C5AC0032602D /* Sources */,
				98E6C2B11E43C5AC0032602D /* Frameworks */,
				98E6C2B21E43C5AC0032602D /* CopyFiles */,
			);
			buildRules = (
			);
			dependencies = (
			);
			name = "FSU Search_Spy";
			productName = "FSU Search_Spy";
			productReference = 98E6C2B41E43C5AC0032602D /* FSU Search_Spy */;
			productType = "com.apple.product-type.tool";
		};
/* End PBXNativeTarget section */

/* Begin PBXProject section */
		9815B4D81E4279ED009073DB /* Project object */ = {
			isa = PBXProject;
			attributes = {
				LastUpgradeCheck = 0810;
				ORGANIZATIONNAME = FSU;
				TargetAttributes = {
					9815B4DF1E4279ED009073DB = {
						CreatedOnToolsVersion = 8.1;
						ProvisioningStyle = Automatic;
					};
					9815B5191E42E2F5009073DB = {
						CreatedOnToolsVersion = 8.1;
						ProvisioningStyle = Automatic;
					};
					98E6C2B31E43C5AC0032602D = {
						CreatedOnToolsVersion = 8.1;
						ProvisioningStyle = Automatic;
					};
				};
			};
			buildConfigurationList = 9815B4DB1E4279ED009073DB /* Build configuration list for PBXProject "FSU Spy" */;
			compatibilityVersion = "Xcode 3.2";
			developmentRegion = English;
			hasScannedForEncodings = 0;
			knownRegions = (
				en,
			);
			mainGroup = 9815B4D71E4279ED009073DB;
			productRefGroup = 9815B4E11E4279ED009073DB /* Products */;
			projectDirPath = "";
			projectRoot = "";
			targets = (
				9815B4DF1E4279ED009073DB /* FSU Sort_Spy */,
				9815B5191E42E2F5009073DB /* RanUInt */,
				98E6C2B31E43C5AC0032602D /* FSU Search_Spy */,
			);
		};
/* End PBXProject section */

/* Begin PBXSourcesBuildPhase section */
		9815B4DC1E4279ED009073DB /* Sources */ = {
			isa = PBXSourcesBuildPhase;
			buildActionMask = 2147483647;
			files = (
				9815B4F41E429793009073DB /* sort_spy.cpp in Sources */,
			);
			runOnlyForDeploymentPostprocessing = 0;
		};
		9815B5161E42E2F5009073DB /* Sources */ = {
			isa = PBXSourcesBuildPhase;
			buildActionMask = 2147483647;
			files = (
				9815B5211E42E323009073DB /* ranuint.cpp in Sources */,
			);
			runOnlyForDeploymentPostprocessing = 0;
		};
		98E6C2B01E43C5AC0032602D /* Sources */ = {
			isa = PBXSourcesBuildPhase;
			buildActionMask = 2147483647;
			files = (
				98E6C2BB1E43C5E00032602D /* search_spy.cpp in Sources */,
			);
			runOnlyForDeploymentPostprocessing = 0;
		};
/* End PBXSourcesBuildPhase section */

/* Begin XCBuildConfiguration section */
		9815B4E51E4279ED009073DB /* Debug */ = {
			isa = XCBuildConfiguration;
			buildSettings = {
				ALWAYS_SEARCH_USER_PATHS = NO;
				CLANG_ANALYZER_NONNULL = YES;
				CLANG_CXX_LANGUAGE_STANDARD = "gnu++0x";
				CLANG_CXX_LIBRARY = "libc++";
				CLANG_ENABLE_MODULES = YES;
				CLANG_ENABLE_OBJC_ARC = YES;
				CLANG_WARN_BOOL_CONVERSION = YES;
				CLANG_WARN_CONSTANT_CONVERSION = YES;
				CLANG_WARN_DIRECT_OBJC_ISA_USAGE = YES_ERROR;
				CLANG_WARN_DOCUMENTATION_COMMENTS = YES;
				CLANG_WARN_EMPTY_BODY = YES;
				CLANG_WARN_ENUM_CONVERSION = YES;
				CLANG_WARN_INFINITE_RECURSION = YES;
				CLANG_WARN_INT_CONVERSION = YES;
				CLANG_WARN_OBJC_ROOT_CLASS = YES_ERROR;
				CLANG_WARN_SUSPICIOUS_MOVES = YES;
				CLANG_WARN_UNREACHABLE_CODE = YES;
				CLANG_WARN__DUPLICATE_METHOD_MATCH = YES;
				CODE_SIGN_IDENTITY = "-";
				COPY_PHASE_STRIP = NO;
				DEBUG_INFORMATION_FORMAT = dwarf;
				ENABLE_STRICT_OBJC_MSGSEND = YES;
				ENABLE_TESTABILITY = YES;
				GCC_C_LANGUAGE_STANDARD = gnu99;
				GCC_DYNAMIC_NO_PIC = NO;
				GCC_NO_COMMON_BLOCKS = YES;
				GCC_OPTIMIZATION_LEVEL = 0;
				GCC_PREPROCESSOR_DEFINITIONS = (
					"DEBUG=1",
					"$(inherited)",
				);
				GCC_WARN_64_TO_32_BIT_CONVERSION = YES;
				GCC_WARN_ABOUT_RETURN_TYPE = YES_ERROR;
				GCC_WARN_UNDECLARED_SELECTOR = YES;
				GCC_WARN_UNINITIALIZED_AUTOS = YES_AGGRESSIVE;
				GCC_WARN_UNUSED_FUNCTION = YES;
				GCC_WARN_UNUSED_VARIABLE = YES;
				MACOSX_DEPLOYMENT_TARGET = 10.10;
				MTL_ENABLE_DEBUG_INFO = YES;
				ONLY_ACTIVE_ARCH = YES;
				SDKROOT = macosx;
			};
			name = Debug;
		};
		9815B4E61E4279ED009073DB /* Release */ = {
			isa = XCBuildConfiguration;
			buildSettings = {
				ALWAYS_SEARCH_USER_PATHS = NO;
				CLANG_ANALYZER_NONNULL = YES;
				CLANG_CXX_LANGUAGE_STANDARD = "gnu++0x";
				CLANG_CXX_LIBRARY = "libc++";
				CLANG_ENABLE_MODULES = YES;
				CLANG_ENABLE_OBJC_ARC = YES;
				CLANG_WARN_BOOL_CONVERSION = YES;
				CLANG_WARN_CONSTANT_CONVERSION = YES;
				CLANG_WARN_DIRECT_OBJC_ISA_USAGE = YES_ERROR;
				CLANG_WARN_DOCUMENTATION_COMMENTS = YES;
				CLANG_WARN_EMPTY_BODY = YES;
				CLANG_WARN_ENUM_CONVERSION = YES;
				CLANG_WARN_INFINITE_RECURSION = YES;
				CLANG_WARN_INT_CONVERSION = YES;
				CLANG_WARN_OBJC_ROOT_CLASS = YES_ERROR;
				CLANG_WARN_SUSPICIOUS_MOVES = YES;
				CLANG_WARN_UNREACHABLE_CODE = YES;
				CLANG_WARN__DUPLICATE_METHOD_MATCH = YES;
				CODE_SIGN_IDENTITY = "-";
				COPY_PHASE_STRIP = NO;
				DEBUG_INFORMATION_FORMAT = "dwarf-with-dsym";
				ENABLE_NS_ASSERTIONS = NO;
				ENABLE_STRICT_OBJC_MSGSEND = YES;
				GCC_C_LANGUAGE_STANDARD = gnu99;
				GCC_NO_COMMON_BLOCKS = YES;
				GCC_WARN_64_TO_32_BIT_CONVERSION = YES;
				GCC_WARN_ABOUT_RETURN_TYPE = YES_ERROR;
				GCC_WARN_UNDECLARED_SELECTOR = YES;
				GCC_WARN_UNINITIALIZED_AUTOS = YES_AGGRESSIVE;
				GCC_WARN_UNUSED_FUNCTION = YES;
				GCC_WARN_UNUSED_VARIABLE = YES;
				MACOSX_DEPLOYMENT_TARGET = 10.10;
				MTL_ENABLE_DEBUG_INFO = NO;
				SDKROOT = macosx;
			};
			name = Release;
		};
		9815B4E81E4279ED009073DB /* Debug */ = {
			isa = XCBuildConfiguration;
			buildSettings = {
				ONLY_ACTIVE_ARCH = YES;
				OTHER_CPLUSPLUSFLAGS = "-I$(PROJECT_DIR)";
				PRODUCT_NAME = "$(TARGET_NAME)";
			};
			name = Debug;
		};
		9815B4E91E4279ED009073DB /* Release */ = {
			isa = XCBuildConfiguration;
			buildSettings = {
				ONLY_ACTIVE_ARCH = YES;
				OTHER_CPLUSPLUSFLAGS = "-I$(PROJECT_DIR)";
				PRODUCT_NAME = "$(TARGET_NAME)";
			};
			name = Release;
		};
		9815B51F1E42E2F6009073DB /* Debug */ = {
			isa = XCBuildConfiguration;
			buildSettings = {
				MACOSX_DEPLOYMENT_TARGET = 10.12;
				OTHER_CPLUSPLUSFLAGS = "-I$(PROJECT_DIR)";
				PRODUCT_NAME = "$(TARGET_NAME)";
			};
			name = Debug;
		};
		9815B5201E42E2F6009073DB /* Release */ = {
			isa = XCBuildConfiguration;
			buildSettings = {
				MACOSX_DEPLOYMENT_TARGET = 10.12;
				OTHER_CPLUSPLUSFLAGS = "-I$(PROJECT_DIR)";
				PRODUCT_NAME = "$(TARGET_NAME)";
			};
			name = Release;
		};
		98E6C2B91E43C5AC0032602D /* Debug */ = {
			isa = XCBuildConfiguration;
			buildSettings = {
				MACOSX_DEPLOYMENT_TARGET = 10.12;
				OTHER_CPLUSPLUSFLAGS = "-I$(PROJECT_DIR)";
				PRODUCT_NAME = "$(TARGET_NAME)";
			};
			name = Debug;
		};
		98E6C2BA1E43C5AC0032602D /* Release */ = {
			isa = XCBuildConfiguration;
			buildSettings = {
				MACOSX_DEPLOYMENT_TARGET = 10.12;
				OTHER_CPLUSPLUSFLAGS = "-I$(PROJECT_DIR)";
				PRODUCT_NAME = "$(TARGET_NAME)";
			};
			name = Release;
		};
/* End XCBuildConfiguration section */

/* Begin XCConfigurationList section */
		9815B4DB1E4279ED009073DB /* Build configuration list for PBXProject "FSU Spy" */ = {
			isa = XCConfigurationList;
			buildConfigurations = (
				9815B4E51E4279ED009073DB /* Debug */,
				9815B4E61E4279ED009073DB /* Release */,
			);
			defaultConfigurationIsVisible = 0;
			defaultConfigurationName = Release;
		};
		9815B4E71E4279ED009073DB /* Build configuration list for PBXNativeTarget "FSU Sort_Spy" */ = {
			isa = XCConfigurationList;
			buildConfigurations = (
				9815B4E81E4279ED009073DB /* Debug */,
				9815B4E91E4279ED009073DB /* Release */,
			);
			defaultConfigurationIsVisible = 0;
			defaultConfigurationName = Release;
		};
		9815B51E1E42E2F6009073DB /* Build configuration list for PBXNativeTarget "RanUInt" */ = {
			isa = XCConfigurationList;
			buildConfigurations = (
				9815B51F1E42E2F6009073DB /* Debug */,
				9815B5201E42E2F6009073DB /* Release */,
			);
			defaultConfigurationIsVisible = 0;
			defaultConfigurationName = Release;
		};
		98E6C2B81E43C5AC0032602D /* Build configuration list for PBXNativeTarget "FSU Search_Spy" */ = {
			isa = XCConfigurationList;
			buildConfigurations = (
				98E6C2B91E43C5AC0032602D /* Debug */,
				98E6C2BA1E43C5AC0032602D /* Release */,
			);
			defaultConfigurationIsVisible = 0;
			defaultConfigurationName = Release;
		};
/* End XCConfigurationList section */
	};
	rootObject = 9815B4D81E4279ED009073DB /* Project object */;
}
